
Microsoft Visual Studio Solution File, Format Version 12.00
# Visual Studio Version 17
VisualStudioVersion = 17.14.36511.14 d17.14
MinimumVisualStudioVersion = 10.0.40219.1
Project("{FAE04EC0-301F-11D3-BF4B-00C04F79EFBC}") = "MotorcycleRental.Domain", "src\Core\MotorcycleRental.Domain\MotorcycleRental.Domain.csproj", "{7DD6E4AE-D0BF-43C5-BA81-0358905038E6}"
EndProject
Project("{2150E333-8FDC-42A3-9474-1A3956D46DE8}") = "Core", "Core", "{02EA681E-C7D8-13C7-8484-4AC65E1B71E8}"
EndProject
Project("{2150E333-8FDC-42A3-9474-1A3956D46DE8}") = "Infrastructure", "Infrastructure", "{CBA6316B-1371-4671-90C9-EE42DE3E1A79}"
EndProject
Project("{FAE04EC0-301F-11D3-BF4B-00C04F79EFBC}") = "MotorcycleRental.Infrastructure", "src\Infrastructure\MotorcycleRental.Infrastructure\MotorcycleRental.Infrastructure.csproj", "{86122D1F-F763-4AF2-9963-C703F2891B64}"
EndProject
Project("{FAE04EC0-301F-11D3-BF4B-00C04F79EFBC}") = "MotorcycleRental.Application", "src\Core\MotorcycleRental.Application\MotorcycleRental.Application.csproj", "{33226292-024D-4E34-946C-9E275A508FF7}"
EndProject
Project("{2150E333-8FDC-42A3-9474-1A3956D46DE8}") = "Presentation", "Presentation", "{81300E90-642F-4A5A-92C1-99B444E28EDC}"
EndProject
Project("{FAE04EC0-301F-11D3-BF4B-00C04F79EFBC}") = "MotorcycleRental.API", "src\Presentation\MotorcycleRental.API\MotorcycleRental.API.csproj", "{D602470B-A0C3-4B30-BF60-953516AD6FCF}"
EndProject
Global
	GlobalSection(SolutionConfigurationPlatforms) = preSolution
		Debug|Any CPU = Debug|Any CPU
		Release|Any CPU = Release|Any CPU
	EndGlobalSection
	GlobalSection(ProjectConfigurationPlatforms) = postSolution
		{7DD6E4AE-D0BF-43C5-BA81-0358905038E6}.Debug|Any CPU.ActiveCfg = Debug|Any CPU
		{7DD6E4AE-D0BF-43C5-BA81-0358905038E6}.Debug|Any CPU.Build.0 = Debug|Any CPU
		{7DD6E4AE-D0BF-43C5-BA81-0358905038E6}.Release|Any CPU.ActiveCfg = Release|Any CPU
		{7DD6E4AE-D0BF-43C5-BA81-0358905038E6}.Release|Any CPU.Build.0 = Release|Any CPU
		{86122D1F-F763-4AF2-9963-C703F2891B64}.Debug|Any CPU.ActiveCfg = Debug|Any CPU
		{86122D1F-F763-4AF2-9963-C703F2891B64}.Debug|Any CPU.Build.0 = Debug|Any CPU
		{86122D1F-F763-4AF2-9963-C703F2891B64}.Release|Any CPU.ActiveCfg = Release|Any CPU
		{86122D1F-F763-4AF2-9963-C703F2891B64}.Release|Any CPU.Build.0 = Release|Any CPU
		{33226292-024D-4E34-946C-9E275A508FF7}.Debug|Any CPU.ActiveCfg = Debug|Any CPU
		{33226292-024D-4E34-946C-9E275A508FF7}.Debug|Any CPU.Build.0 = Debug|Any CPU
		{33226292-024D-4E34-946C-9E275A508FF7}.Release|Any CPU.ActiveCfg = Release|Any CPU
		{33226292-024D-4E34-946C-9E275A508FF7}.Release|Any CPU.Build.0 = Release|Any CPU
		{D602470B-A0C3-4B30-BF60-953516AD6FCF}.Debug|Any CPU.ActiveCfg = Debug|Any CPU
		{D602470B-A0C3-4B30-BF60-953516AD6FCF}.Debug|Any CPU.Build.0 = Debug|Any CPU
		{D602470B-A0C3-4B30-BF60-953516AD6FCF}.Release|Any CPU.ActiveCfg = Release|Any CPU
		{D602470B-A0C3-4B30-BF60-953516AD6FCF}.Release|Any CPU.Build.0 = Release|Any CPU
	EndGlobalSection
	GlobalSection(SolutionProperties) = preSolution
		HideSolutionNode = FALSE
	EndGlobalSection
	GlobalSection(NestedProjects) = preSolution
		{7DD6E4AE-D0BF-43C5-BA81-0358905038E6} = {02EA681E-C7D8-13C7-8484-4AC65E1B71E8}
		{86122D1F-F763-4AF2-9963-C703F2891B64} = {CBA6316B-1371-4671-90C9-EE42DE3E1A79}
		{33226292-024D-4E34-946C-9E275A508FF7} = {02EA681E-C7D8-13C7-8484-4AC65E1B71E8}
		{D602470B-A0C3-4B30-BF60-953516AD6FCF} = {81300E90-642F-4A5A-92C1-99B444E28EDC}
	EndGlobalSection
	GlobalSection(ExtensibilityGlobals) = postSolution
		SolutionGuid = {8B8CE81E-9994-4955-A087-A737C9A76B1D}
	EndGlobalSection
EndGlobal
